// !$*UTF8*$!
{
	archiveVersion = 1;
	classes = {
	};
	objectVersion = 46;
	objects = {

/* Begin PBXBuildFile section */
		1028A1F522316AD2002E37DA /* SecondViewController.swift in Sources */ = {isa = PBXBuildFile; fileRef = 1028A1F422316AD2002E37DA /* SecondViewController.swift */; };
		10E0BABB2229789400ADD8B7 /* Data+Tests.swift in Sources */ = {isa = PBXBuildFile; fileRef = 101D714F220287F0008FAEB6 /* Data+Tests.swift */; };
		10E0BABC2229789400ADD8B7 /* Dictionary+Tests.swift in Sources */ = {isa = PBXBuildFile; fileRef = 101D715322028815008FAEB6 /* Dictionary+Tests.swift */; };
		10E0BABD2229789400ADD8B7 /* Date+Tests.swift in Sources */ = {isa = PBXBuildFile; fileRef = 101D715122028808008FAEB6 /* Date+Tests.swift */; };
		10E0BABF222ABAB100ADD8B7 /* Array+Tests.swift in Sources */ = {isa = PBXBuildFile; fileRef = 10E0BABE222ABAB100ADD8B7 /* Array+Tests.swift */; };
		10E0BAC1222AD92000ADD8B7 /* Bundle+Tests.swift in Sources */ = {isa = PBXBuildFile; fileRef = 10E0BAC0222AD92000ADD8B7 /* Bundle+Tests.swift */; };
		10E0BAC4222C11AC00ADD8B7 /* URL+Tests.swift in Sources */ = {isa = PBXBuildFile; fileRef = 10E0BAC3222C11AC00ADD8B7 /* URL+Tests.swift */; };
		10E0BAC6222C134900ADD8B7 /* Timer+Tests.swift in Sources */ = {isa = PBXBuildFile; fileRef = 10E0BAC5222C134900ADD8B7 /* Timer+Tests.swift */; };
		30DB8D897CBD21B35EE933DD /* Pods_TKFoundationModule_Example.framework in Frameworks */ = {isa = PBXBuildFile; fileRef = 168FA5B4949AF91CE7933766 /* Pods_TKFoundationModule_Example.framework */; };
		607FACD61AFB9204008FA782 /* AppDelegate.swift in Sources */ = {isa = PBXBuildFile; fileRef = 607FACD51AFB9204008FA782 /* AppDelegate.swift */; };
		607FACD81AFB9204008FA782 /* ViewController.swift in Sources */ = {isa = PBXBuildFile; fileRef = 607FACD71AFB9204008FA782 /* ViewController.swift */; };
		607FACDB1AFB9204008FA782 /* Main.storyboard in Resources */ = {isa = PBXBuildFile; fileRef = 607FACD91AFB9204008FA782 /* Main.storyboard */; };
		607FACDD1AFB9204008FA782 /* Images.xcassets in Resources */ = {isa = PBXBuildFile; fileRef = 607FACDC1AFB9204008FA782 /* Images.xcassets */; };
		607FACE01AFB9204008FA782 /* LaunchScreen.xib in Resources */ = {isa = PBXBuildFile; fileRef = 607FACDE1AFB9204008FA782 /* LaunchScreen.xib */; };
/* End PBXBuildFile section */

/* Begin PBXContainerItemProxy section */
		10E0BAB62229782200ADD8B7 /* PBXContainerItemProxy */ = {
			isa = PBXContainerItemProxy;
			containerPortal = 607FACC81AFB9204008FA782 /* Project object */;
			proxyType = 1;
			remoteGlobalIDString = 607FACCF1AFB9204008FA782;
			remoteInfo = TKFoundationModule_Example;
		};
/* End PBXContainerItemProxy section */

/* Begin PBXFileReference section */
		101D714F220287F0008FAEB6 /* Data+Tests.swift */ = {isa = PBXFileReference; lastKnownFileType = sourcecode.swift; path = "Data+Tests.swift"; sourceTree = "<group>"; };
		101D715122028808008FAEB6 /* Date+Tests.swift */ = {isa = PBXFileReference; lastKnownFileType = sourcecode.swift; path = "Date+Tests.swift"; sourceTree = "<group>"; };
		101D715322028815008FAEB6 /* Dictionary+Tests.swift */ = {isa = PBXFileReference; lastKnownFileType = sourcecode.swift; path = "Dictionary+Tests.swift"; sourceTree = "<group>"; };
		1028A1F422316AD2002E37DA /* SecondViewController.swift */ = {isa = PBXFileReference; lastKnownFileType = sourcecode.swift; path = SecondViewController.swift; sourceTree = "<group>"; };
		10E0BAB12229782200ADD8B7 /* TKFoundationModule_Tests.xctest */ = {isa = PBXFileReference; explicitFileType = wrapper.cfbundle; includeInIndex = 0; path = TKFoundationModule_Tests.xctest; sourceTree = BUILT_PRODUCTS_DIR; };
		10E0BAB52229782200ADD8B7 /* Info.plist */ = {isa = PBXFileReference; lastKnownFileType = text.plist.xml; path = Info.plist; sourceTree = "<group>"; };
		10E0BABE222ABAB100ADD8B7 /* Array+Tests.swift */ = {isa = PBXFileReference; lastKnownFileType = sourcecode.swift; path = "Array+Tests.swift"; sourceTree = "<group>"; };
		10E0BAC0222AD92000ADD8B7 /* Bundle+Tests.swift */ = {isa = PBXFileReference; lastKnownFileType = sourcecode.swift; path = "Bundle+Tests.swift"; sourceTree = "<group>"; };
		10E0BAC3222C11AC00ADD8B7 /* URL+Tests.swift */ = {isa = PBXFileReference; lastKnownFileType = sourcecode.swift; path = "URL+Tests.swift"; sourceTree = "<group>"; };
		10E0BAC5222C134900ADD8B7 /* Timer+Tests.swift */ = {isa = PBXFileReference; lastKnownFileType = sourcecode.swift; path = "Timer+Tests.swift"; sourceTree = "<group>"; };
		168FA5B4949AF91CE7933766 /* Pods_TKFoundationModule_Example.framework */ = {isa = PBXFileReference; explicitFileType = wrapper.framework; includeInIndex = 0; path = Pods_TKFoundationModule_Example.framework; sourceTree = BUILT_PRODUCTS_DIR; };
		5EBBFA0E7DA2E076B686C7BB /* Pods-TKFoundationModule_Example.release.xcconfig */ = {isa = PBXFileReference; includeInIndex = 1; lastKnownFileType = text.xcconfig; name = "Pods-TKFoundationModule_Example.release.xcconfig"; path = "Pods/Target Support Files/Pods-TKFoundationModule_Example/Pods-TKFoundationModule_Example.release.xcconfig"; sourceTree = "<group>"; };
		607FACD01AFB9204008FA782 /* TKFoundationModule_Example.app */ = {isa = PBXFileReference; explicitFileType = wrapper.application; includeInIndex = 0; path = TKFoundationModule_Example.app; sourceTree = BUILT_PRODUCTS_DIR; };
		607FACD41AFB9204008FA782 /* Info.plist */ = {isa = PBXFileReference; lastKnownFileType = text.plist.xml; path = Info.plist; sourceTree = "<group>"; };
		607FACD51AFB9204008FA782 /* AppDelegate.swift */ = {isa = PBXFileReference; lastKnownFileType = sourcecode.swift; path = AppDelegate.swift; sourceTree = "<group>"; };
		607FACD71AFB9204008FA782 /* ViewController.swift */ = {isa = PBXFileReference; lastKnownFileType = sourcecode.swift; path = ViewController.swift; sourceTree = "<group>"; };
		607FACDA1AFB9204008FA782 /* Base */ = {isa = PBXFileReference; lastKnownFileType = file.storyboard; name = Base; path = Base.lproj/Main.storyboard; sourceTree = "<group>"; };
		607FACDC1AFB9204008FA782 /* Images.xcassets */ = {isa = PBXFileReference; lastKnownFileType = folder.assetcatalog; path = Images.xcassets; sourceTree = "<group>"; };
		607FACDF1AFB9204008FA782 /* Base */ = {isa = PBXFileReference; lastKnownFileType = file.xib; name = Base; path = Base.lproj/LaunchScreen.xib; sourceTree = "<group>"; };
		61F5169A276A97E93A222B79 /* Pods_TKFoundationModule_Tests.framework */ = {isa = PBXFileReference; explicitFileType = wrapper.framework; includeInIndex = 0; path = Pods_TKFoundationModule_Tests.framework; sourceTree = BUILT_PRODUCTS_DIR; };
		7AFF57A3D5587C01ED59C7E6 /* README.md */ = {isa = PBXFileReference; includeInIndex = 1; lastKnownFileType = net.daringfireball.markdown; name = README.md; path = ../README.md; sourceTree = "<group>"; };
		9E468F200E62D21FD7A3A27F /* Pods-TKFoundationModule_Tests.debug.xcconfig */ = {isa = PBXFileReference; includeInIndex = 1; lastKnownFileType = text.xcconfig; name = "Pods-TKFoundationModule_Tests.debug.xcconfig"; path = "Pods/Target Support Files/Pods-TKFoundationModule_Tests/Pods-TKFoundationModule_Tests.debug.xcconfig"; sourceTree = "<group>"; };
		D25213ED4388FD291BF7F2B8 /* LICENSE */ = {isa = PBXFileReference; includeInIndex = 1; lastKnownFileType = text; name = LICENSE; path = ../LICENSE; sourceTree = "<group>"; };
		EC535A2FB212C6A2CA3B90F9 /* Pods-TKFoundationModule_Example.debug.xcconfig */ = {isa = PBXFileReference; includeInIndex = 1; lastKnownFileType = text.xcconfig; name = "Pods-TKFoundationModule_Example.debug.xcconfig"; path = "Pods/Target Support Files/Pods-TKFoundationModule_Example/Pods-TKFoundationModule_Example.debug.xcconfig"; sourceTree = "<group>"; };
		F2E7219E08FD28FC4AD0D7DE /* Pods-TKFoundationModule_Tests.release.xcconfig */ = {isa = PBXFileReference; includeInIndex = 1; lastKnownFileType = text.xcconfig; name = "Pods-TKFoundationModule_Tests.release.xcconfig"; path = "Pods/Target Support Files/Pods-TKFoundationModule_Tests/Pods-TKFoundationModule_Tests.release.xcconfig"; sourceTree = "<group>"; };
		FAA5085CA43C3BD231F2EC48 /* TKFoundationModule.podspec */ = {isa = PBXFileReference; includeInIndex = 1; lastKnownFileType = text; name = TKFoundationModule.podspec; path = ../TKFoundationModule.podspec; sourceTree = "<group>"; xcLanguageSpecificationIdentifier = xcode.lang.ruby; };
/* End PBXFileReference section */

/* Begin PBXFrameworksBuildPhase section */
		10E0BAAE2229782200ADD8B7 /* Frameworks */ = {
			isa = PBXFrameworksBuildPhase;
			buildActionMask = 2147483647;
			files = (
			);
			runOnlyForDeploymentPostprocessing = 0;
		};
		607FACCD1AFB9204008FA782 /* Frameworks */ = {
			isa = PBXFrameworksBuildPhase;
			buildActionMask = 2147483647;
			files = (
				30DB8D897CBD21B35EE933DD /* Pods_TKFoundationModule_Example.framework in Frameworks */,
			);
			runOnlyForDeploymentPostprocessing = 0;
		};
/* End PBXFrameworksBuildPhase section */

/* Begin PBXGroup section */
		10E0BAB22229782200ADD8B7 /* TKFoundationModule_Tests */ = {
			isa = PBXGroup;
			children = (
				101D714F220287F0008FAEB6 /* Data+Tests.swift */,
				101D715122028808008FAEB6 /* Date+Tests.swift */,
				101D715322028815008FAEB6 /* Dictionary+Tests.swift */,
				10E0BAB52229782200ADD8B7 /* Info.plist */,
				10E0BABE222ABAB100ADD8B7 /* Array+Tests.swift */,
				10E0BAC0222AD92000ADD8B7 /* Bundle+Tests.swift */,
				10E0BAC3222C11AC00ADD8B7 /* URL+Tests.swift */,
				10E0BAC5222C134900ADD8B7 /* Timer+Tests.swift */,
			);
			path = TKFoundationModule_Tests;
			sourceTree = "<group>";
		};
		17CD6B6729CC64525305991B /* Pods */ = {
			isa = PBXGroup;
			children = (
				EC535A2FB212C6A2CA3B90F9 /* Pods-TKFoundationModule_Example.debug.xcconfig */,
				5EBBFA0E7DA2E076B686C7BB /* Pods-TKFoundationModule_Example.release.xcconfig */,
				9E468F200E62D21FD7A3A27F /* Pods-TKFoundationModule_Tests.debug.xcconfig */,
				F2E7219E08FD28FC4AD0D7DE /* Pods-TKFoundationModule_Tests.release.xcconfig */,
			);
			name = Pods;
			sourceTree = "<group>";
		};
		607FACC71AFB9204008FA782 = {
			isa = PBXGroup;
			children = (
				607FACF51AFB993E008FA782 /* Podspec Metadata */,
				607FACD21AFB9204008FA782 /* Example for TKFoundationModule */,
				10E0BAB22229782200ADD8B7 /* TKFoundationModule_Tests */,
				607FACD11AFB9204008FA782 /* Products */,
				17CD6B6729CC64525305991B /* Pods */,
				C2D351FF9A3BAC4173B39439 /* Frameworks */,
			);
			sourceTree = "<group>";
		};
		607FACD11AFB9204008FA782 /* Products */ = {
			isa = PBXGroup;
			children = (
				607FACD01AFB9204008FA782 /* TKFoundationModule_Example.app */,
				10E0BAB12229782200ADD8B7 /* TKFoundationModule_Tests.xctest */,
			);
			name = Products;
			sourceTree = "<group>";
		};
		607FACD21AFB9204008FA782 /* Example for TKFoundationModule */ = {
			isa = PBXGroup;
			children = (
				607FACD51AFB9204008FA782 /* AppDelegate.swift */,
				607FACD71AFB9204008FA782 /* ViewController.swift */,
				607FACD91AFB9204008FA782 /* Main.storyboard */,
				607FACDC1AFB9204008FA782 /* Images.xcassets */,
				607FACDE1AFB9204008FA782 /* LaunchScreen.xib */,
				607FACD31AFB9204008FA782 /* Supporting Files */,
				1028A1F422316AD2002E37DA /* SecondViewController.swift */,
			);
			name = "Example for TKFoundationModule";
			path = TKFoundationModule;
			sourceTree = "<group>";
		};
		607FACD31AFB9204008FA782 /* Supporting Files */ = {
			isa = PBXGroup;
			children = (
				607FACD41AFB9204008FA782 /* Info.plist */,
			);
			name = "Supporting Files";
			sourceTree = "<group>";
		};
		607FACF51AFB993E008FA782 /* Podspec Metadata */ = {
			isa = PBXGroup;
			children = (
				FAA5085CA43C3BD231F2EC48 /* TKFoundationModule.podspec */,
				7AFF57A3D5587C01ED59C7E6 /* README.md */,
				D25213ED4388FD291BF7F2B8 /* LICENSE */,
			);
			name = "Podspec Metadata";
			sourceTree = "<group>";
		};
		C2D351FF9A3BAC4173B39439 /* Frameworks */ = {
			isa = PBXGroup;
			children = (
				168FA5B4949AF91CE7933766 /* Pods_TKFoundationModule_Example.framework */,
				61F5169A276A97E93A222B79 /* Pods_TKFoundationModule_Tests.framework */,
			);
			name = Frameworks;
			sourceTree = "<group>";
		};
/* End PBXGroup section */

/* Begin PBXNativeTarget section */
		10E0BAB02229782200ADD8B7 /* TKFoundationModule_Tests */ = {
			isa = PBXNativeTarget;
			buildConfigurationList = 10E0BABA2229782200ADD8B7 /* Build configuration list for PBXNativeTarget "TKFoundationModule_Tests" */;
			buildPhases = (
				10E0BAAD2229782200ADD8B7 /* Sources */,
				10E0BAAE2229782200ADD8B7 /* Frameworks */,
				10E0BAAF2229782200ADD8B7 /* Resources */,
			);
			buildRules = (
			);
			dependencies = (
				10E0BAB72229782200ADD8B7 /* PBXTargetDependency */,
			);
			name = TKFoundationModule_Tests;
			productName = TKFoundationModule_Tests;
			productReference = 10E0BAB12229782200ADD8B7 /* TKFoundationModule_Tests.xctest */;
			productType = "com.apple.product-type.bundle.unit-test";
		};
		607FACCF1AFB9204008FA782 /* TKFoundationModule_Example */ = {
			isa = PBXNativeTarget;
			buildConfigurationList = 607FACEF1AFB9204008FA782 /* Build configuration list for PBXNativeTarget "TKFoundationModule_Example" */;
			buildPhases = (
				C5296CBEE62D41BE3454FB54 /* [CP] Check Pods Manifest.lock */,
				607FACCC1AFB9204008FA782 /* Sources */,
				607FACCD1AFB9204008FA782 /* Frameworks */,
				607FACCE1AFB9204008FA782 /* Resources */,
				CD504252845E8353D9BF3F40 /* [CP] Embed Pods Frameworks */,
				10D027F5226F5E850036EE4C /* ShellScript */,
			);
			buildRules = (
			);
			dependencies = (
			);
			name = TKFoundationModule_Example;
			productName = TKFoundationModule;
			productReference = 607FACD01AFB9204008FA782 /* TKFoundationModule_Example.app */;
			productType = "com.apple.product-type.application";
		};
/* End PBXNativeTarget section */

/* Begin PBXProject section */
		607FACC81AFB9204008FA782 /* Project object */ = {
			isa = PBXProject;
			attributes = {
				LastSwiftUpdateCheck = 1010;
				LastUpgradeCheck = 1010;
				ORGANIZATIONNAME = CocoaPods;
				TargetAttributes = {
					10E0BAB02229782200ADD8B7 = {
						CreatedOnToolsVersion = 10.1;
						DevelopmentTeam = W4RKLQZZCQ;
						ProvisioningStyle = Automatic;
						TestTargetID = 607FACCF1AFB9204008FA782;
					};
					607FACCF1AFB9204008FA782 = {
						CreatedOnToolsVersion = 6.3.1;
						LastSwiftMigration = 1010;
					};
				};
			};
			buildConfigurationList = 607FACCB1AFB9204008FA782 /* Build configuration list for PBXProject "TKFoundationModule" */;
			compatibilityVersion = "Xcode 3.2";
			developmentRegion = English;
			hasScannedForEncodings = 0;
			knownRegions = (
				English,
				en,
				Base,
			);
			mainGroup = 607FACC71AFB9204008FA782;
			productRefGroup = 607FACD11AFB9204008FA782 /* Products */;
			projectDirPath = "";
			projectRoot = "";
			targets = (
				607FACCF1AFB9204008FA782 /* TKFoundationModule_Example */,
				10E0BAB02229782200ADD8B7 /* TKFoundationModule_Tests */,
			);
		};
/* End PBXProject section */

/* Begin PBXResourcesBuildPhase section */
		10E0BAAF2229782200ADD8B7 /* Resources */ = {
			isa = PBXResourcesBuildPhase;
			buildActionMask = 2147483647;
			files = (
			);
			runOnlyForDeploymentPostprocessing = 0;
		};
		607FACCE1AFB9204008FA782 /* Resources */ = {
			isa = PBXResourcesBuildPhase;
			buildActionMask = 2147483647;
			files = (
				607FACDB1AFB9204008FA782 /* Main.storyboard in Resources */,
				607FACE01AFB9204008FA782 /* LaunchScreen.xib in Resources */,
				607FACDD1AFB9204008FA782 /* Images.xcassets in Resources */,
			);
			runOnlyForDeploymentPostprocessing = 0;
		};
/* End PBXResourcesBuildPhase section */

/* Begin PBXShellScriptBuildPhase section */
		10D027F5226F5E850036EE4C /* ShellScript */ = {
			isa = PBXShellScriptBuildPhase;
			buildActionMask = 2147483647;
			files = (
			);
			inputFileListPaths = (
			);
			inputPaths = (
			);
			outputFileListPaths = (
			);
			outputPaths = (
			);
			runOnlyForDeploymentPostprocessing = 0;
			shellPath = /bin/sh;
			shellScript = "# Type a script or drag a script file from your workspace to insert its path.\nif which swiftlint >/dev/null; then\nswiftlint\nelse\necho \"warning: SwiftLint not installed, download from https://github.com/realm/SwiftLint\"\nfi\n";
		};
		C5296CBEE62D41BE3454FB54 /* [CP] Check Pods Manifest.lock */ = {
			isa = PBXShellScriptBuildPhase;
			buildActionMask = 2147483647;
			files = (
			);
			inputPaths = (
				"${PODS_PODFILE_DIR_PATH}/Podfile.lock",
				"${PODS_ROOT}/Manifest.lock",
			);
			name = "[CP] Check Pods Manifest.lock";
			outputPaths = (
				"$(DERIVED_FILE_DIR)/Pods-TKFoundationModule_Example-checkManifestLockResult.txt",
			);
			runOnlyForDeploymentPostprocessing = 0;
			shellPath = /bin/sh;
			shellScript = "diff \"${PODS_PODFILE_DIR_PATH}/Podfile.lock\" \"${PODS_ROOT}/Manifest.lock\" > /dev/null\nif [ $? != 0 ] ; then\n    # print error to STDERR\n    echo \"error: The sandbox is not in sync with the Podfile.lock. Run 'pod install' or update your CocoaPods installation.\" >&2\n    exit 1\nfi\n# This output is used by Xcode 'outputs' to avoid re-running this script phase.\necho \"SUCCESS\" > \"${SCRIPT_OUTPUT_FILE_0}\"\n";
			showEnvVarsInLog = 0;
		};
		CD504252845E8353D9BF3F40 /* [CP] Embed Pods Frameworks */ = {
			isa = PBXShellScriptBuildPhase;
			buildActionMask = 2147483647;
			files = (
			);
			inputPaths = (
				"${SRCROOT}/Pods/Target Support Files/Pods-TKFoundationModule_Example/Pods-TKFoundationModule_Example-frameworks.sh",
				"${BUILT_PRODUCTS_DIR}/TKFoundationModule/TKFoundationModule.framework",
			);
			name = "[CP] Embed Pods Frameworks";
			outputPaths = (
				"${TARGET_BUILD_DIR}/${FRAMEWORKS_FOLDER_PATH}/TKFoundationModule.framework",
			);
			runOnlyForDeploymentPostprocessing = 0;
			shellPath = /bin/sh;
			shellScript = "\"${SRCROOT}/Pods/Target Support Files/Pods-TKFoundationModule_Example/Pods-TKFoundationModule_Example-frameworks.sh\"\n";
			showEnvVarsInLog = 0;
		};
/* End PBXShellScriptBuildPhase section */

/* Begin PBXSourcesBuildPhase section */
		10E0BAAD2229782200ADD8B7 /* Sources */ = {
			isa = PBXSourcesBuildPhase;
			buildActionMask = 2147483647;
			files = (
				10E0BABB2229789400ADD8B7 /* Data+Tests.swift in Sources */,
				10E0BAC1222AD92000ADD8B7 /* Bundle+Tests.swift in Sources */,
				10E0BABF222ABAB100ADD8B7 /* Array+Tests.swift in Sources */,
				10E0BABC2229789400ADD8B7 /* Dictionary+Tests.swift in Sources */,
				10E0BAC6222C134900ADD8B7 /* Timer+Tests.swift in Sources */,
				10E0BABD2229789400ADD8B7 /* Date+Tests.swift in Sources */,
				10E0BAC4222C11AC00ADD8B7 /* URL+Tests.swift in Sources */,
			);
			runOnlyForDeploymentPostprocessing = 0;
		};
		607FACCC1AFB9204008FA782 /* Sources */ = {
			isa = PBXSourcesBuildPhase;
			buildActionMask = 2147483647;
			files = (
				1028A1F522316AD2002E37DA /* SecondViewController.swift in Sources */,
				607FACD81AFB9204008FA782 /* ViewController.swift in Sources */,
				607FACD61AFB9204008FA782 /* AppDelegate.swift in Sources */,
			);
			runOnlyForDeploymentPostprocessing = 0;
		};
/* End PBXSourcesBuildPhase section */

/* Begin PBXTargetDependency section */
		10E0BAB72229782200ADD8B7 /* PBXTargetDependency */ = {
			isa = PBXTargetDependency;
			target = 607FACCF1AFB9204008FA782 /* TKFoundationModule_Example */;
			targetProxy = 10E0BAB62229782200ADD8B7 /* PBXContainerItemProxy */;
		};
/* End PBXTargetDependency section */

/* Begin PBXVariantGroup section */
		607FACD91AFB9204008FA782 /* Main.storyboard */ = {
			isa = PBXVariantGroup;
			children = (
				607FACDA1AFB9204008FA782 /* Base */,
			);
			name = Main.storyboard;
			sourceTree = "<group>";
		};
		607FACDE1AFB9204008FA782 /* LaunchScreen.xib */ = {
			isa = PBXVariantGroup;
			children = (
				607FACDF1AFB9204008FA782 /* Base */,
			);
			name = LaunchScreen.xib;
			sourceTree = "<group>";
		};
/* End PBXVariantGroup section */

/* Begin XCBuildConfiguration section */
		10E0BAB82229782200ADD8B7 /* Debug */ = {
			isa = XCBuildConfiguration;
			baseConfigurationReference = 9E468F200E62D21FD7A3A27F /* Pods-TKFoundationModule_Tests.debug.xcconfig */;
			buildSettings = {
				BUNDLE_LOADER = "$(TEST_HOST)";
				CLANG_ANALYZER_NONNULL = YES;
				CLANG_ANALYZER_NUMBER_OBJECT_CONVERSION = YES_AGGRESSIVE;
				CLANG_CXX_LANGUAGE_STANDARD = "gnu++14";
				CLANG_ENABLE_OBJC_WEAK = YES;
				CLANG_WARN_DOCUMENTATION_COMMENTS = YES;
				CLANG_WARN_UNGUARDED_AVAILABILITY = YES_AGGRESSIVE;
				CODE_SIGN_IDENTITY = "iPhone Developer";
				CODE_SIGN_STYLE = Automatic;
				DEBUG_INFORMATION_FORMAT = dwarf;
				DEVELOPMENT_TEAM = W4RKLQZZCQ;
				GCC_C_LANGUAGE_STANDARD = gnu11;
				INFOPLIST_FILE = TKFoundationModule_Tests/Info.plist;
				IPHONEOS_DEPLOYMENT_TARGET = 12.1;
				LD_RUNPATH_SEARCH_PATHS = "$(inherited) @executable_path/Frameworks @loader_path/Frameworks";
				MTL_ENABLE_DEBUG_INFO = INCLUDE_SOURCE;
				MTL_FAST_MATH = YES;
				PRODUCT_BUNDLE_IDENTIFIER = "com.cocoapods.TKFoundationModule-Tests";
				PRODUCT_NAME = "$(TARGET_NAME)";
				SWIFT_ACTIVE_COMPILATION_CONDITIONS = DEBUG;
				SWIFT_VERSION = 4.2;
				TARGETED_DEVICE_FAMILY = "1,2";
				TEST_HOST = "$(BUILT_PRODUCTS_DIR)/TKFoundationModule_Example.app/TKFoundationModule_Example";
			};
			name = Debug;
		};
		10E0BAB92229782200ADD8B7 /* Release */ = {
			isa = XCBuildConfiguration;
			baseConfigurationReference = F2E7219E08FD28FC4AD0D7DE /* Pods-TKFoundationModule_Tests.release.xcconfig */;
			buildSettings = {
				BUNDLE_LOADER = "$(TEST_HOST)";
				CLANG_ANALYZER_NONNULL = YES;
				CLANG_ANALYZER_NUMBER_OBJECT_CONVERSION = YES_AGGRESSIVE;
				CLANG_CXX_LANGUAGE_STANDARD = "gnu++14";
				CLANG_ENABLE_OBJC_WEAK = YES;
				CLANG_WARN_DOCUMENTATION_COMMENTS = YES;
				CLANG_WARN_UNGUARDED_AVAILABILITY = YES_AGGRESSIVE;
				CODE_SIGN_IDENTITY = "iPhone Developer";
				CODE_SIGN_STYLE = Automatic;
				DEVELOPMENT_TEAM = W4RKLQZZCQ;
				GCC_C_LANGUAGE_STANDARD = gnu11;
				INFOPLIST_FILE = TKFoundationModule_Tests/Info.plist;
				IPHONEOS_DEPLOYMENT_TARGET = 12.1;
				LD_RUNPATH_SEARCH_PATHS = "$(inherited) @executable_path/Frameworks @loader_path/Frameworks";
				MTL_FAST_MATH = YES;
				PRODUCT_BUNDLE_IDENTIFIER = "com.cocoapods.TKFoundationModule-Tests";
				PRODUCT_NAME = "$(TARGET_NAME)";
				SWIFT_VERSION = 4.2;
				TARGETED_DEVICE_FAMILY = "1,2";
				TEST_HOST = "$(BUILT_PRODUCTS_DIR)/TKFoundationModule_Example.app/TKFoundationModule_Example";
			};
			name = Release;
		};
		607FACED1AFB9204008FA782 /* Debug */ = {
			isa = XCBuildConfiguration;
			buildSettings = {
				ALWAYS_SEARCH_USER_PATHS = NO;
				CLANG_CXX_LANGUAGE_STANDARD = "gnu++0x";
				CLANG_CXX_LIBRARY = "libc++";
				CLANG_ENABLE_MODULES = YES;
				CLANG_ENABLE_OBJC_ARC = YES;
				CLANG_WARN_BLOCK_CAPTURE_AUTORELEASING = YES;
				CLANG_WARN_BOOL_CONVERSION = YES;
				CLANG_WARN_COMMA = YES;
				CLANG_WARN_CONSTANT_CONVERSION = YES;
				CLANG_WARN_DEPRECATED_OBJC_IMPLEMENTATIONS = YES;
				CLANG_WARN_DIRECT_OBJC_ISA_USAGE = YES_ERROR;
				CLANG_WARN_EMPTY_BODY = YES;
				CLANG_WARN_ENUM_CONVERSION = YES;
				CLANG_WARN_INFINITE_RECURSION = YES;
				CLANG_WARN_INT_CONVERSION = YES;
				CLANG_WARN_NON_LITERAL_NULL_CONVERSION = YES;
				CLANG_WARN_OBJC_IMPLICIT_RETAIN_SELF = YES;
				CLANG_WARN_OBJC_LITERAL_CONVERSION = YES;
				CLANG_WARN_OBJC_ROOT_CLASS = YES_ERROR;
				CLANG_WARN_RANGE_LOOP_ANALYSIS = YES;
				CLANG_WARN_STRICT_PROTOTYPES = YES;
				CLANG_WARN_SUSPICIOUS_MOVE = YES;
				CLANG_WARN_UNREACHABLE_CODE = YES;
				CLANG_WARN__DUPLICATE_METHOD_MATCH = YES;
				"CODE_SIGN_IDENTITY[sdk=iphoneos*]" = "iPhone Developer";
				COPY_PHASE_STRIP = NO;
				DEBUG_INFORMATION_FORMAT = "dwarf-with-dsym";
				ENABLE_STRICT_OBJC_MSGSEND = YES;
				ENABLE_TESTABILITY = YES;
				GCC_C_LANGUAGE_STANDARD = gnu99;
				GCC_DYNAMIC_NO_PIC = NO;
				GCC_NO_COMMON_BLOCKS = YES;
				GCC_OPTIMIZATION_LEVEL = 0;
				GCC_PREPROCESSOR_DEFINITIONS = (
					"DEBUG=1",
					"$(inherited)",
				);
				GCC_SYMBOLS_PRIVATE_EXTERN = NO;
				GCC_WARN_64_TO_32_BIT_CONVERSION = YES;
				GCC_WARN_ABOUT_RETURN_TYPE = YES_ERROR;
				GCC_WARN_UNDECLARED_SELECTOR = YES;
				GCC_WARN_UNINITIALIZED_AUTOS = YES_AGGRESSIVE;
				GCC_WARN_UNUSED_FUNCTION = YES;
				GCC_WARN_UNUSED_VARIABLE = YES;
				IPHONEOS_DEPLOYMENT_TARGET = 9.3;
				MTL_ENABLE_DEBUG_INFO = YES;
				ONLY_ACTIVE_ARCH = YES;
				SDKROOT = iphoneos;
				SWIFT_OPTIMIZATION_LEVEL = "-Onone";
				SWIFT_VERSION = 4.0;
			};
			name = Debug;
		};
		607FACEE1AFB9204008FA782 /* Release */ = {
			isa = XCBuildConfiguration;
			buildSettings = {
				ALWAYS_SEARCH_USER_PATHS = NO;
				CLANG_CXX_LANGUAGE_STANDARD = "gnu++0x";
				CLANG_CXX_LIBRARY = "libc++";
				CLANG_ENABLE_MODULES = YES;
				CLANG_ENABLE_OBJC_ARC = YES;
				CLANG_WARN_BLOCK_CAPTURE_AUTORELEASING = YES;
				CLANG_WARN_BOOL_CONVERSION = YES;
				CLANG_WARN_COMMA = YES;
				CLANG_WARN_CONSTANT_CONVERSION = YES;
				CLANG_WARN_DEPRECATED_OBJC_IMPLEMENTATIONS = YES;
				CLANG_WARN_DIRECT_OBJC_ISA_USAGE = YES_ERROR;
				CLANG_WARN_EMPTY_BODY = YES;
				CLANG_WARN_ENUM_CONVERSION = YES;
				CLANG_WARN_INFINITE_RECURSION = YES;
				CLANG_WARN_INT_CONVERSION = YES;
				CLANG_WARN_NON_LITERAL_NULL_CONVERSION = YES;
				CLANG_WARN_OBJC_IMPLICIT_RETAIN_SELF = YES;
				CLANG_WARN_OBJC_LITERAL_CONVERSION = YES;
				CLANG_WARN_OBJC_ROOT_CLASS = YES_ERROR;
				CLANG_WARN_RANGE_LOOP_ANALYSIS = YES;
				CLANG_WARN_STRICT_PROTOTYPES = YES;
				CLANG_WARN_SUSPICIOUS_MOVE = YES;
				CLANG_WARN_UNREACHABLE_CODE = YES;
				CLANG_WARN__DUPLICATE_METHOD_MATCH = YES;
				"CODE_SIGN_IDENTITY[sdk=iphoneos*]" = "iPhone Developer";
				COPY_PHASE_STRIP = NO;
				DEBUG_INFORMATION_FORMAT = "dwarf-with-dsym";
				ENABLE_NS_ASSERTIONS = NO;
				ENABLE_STRICT_OBJC_MSGSEND = YES;
				GCC_C_LANGUAGE_STANDARD = gnu99;
				GCC_NO_COMMON_BLOCKS = YES;
				GCC_WARN_64_TO_32_BIT_CONVERSION = YES;
				GCC_WARN_ABOUT_RETURN_TYPE = YES_ERROR;
				GCC_WARN_UNDECLARED_SELECTOR = YES;
				GCC_WARN_UNINITIALIZED_AUTOS = YES_AGGRESSIVE;
				GCC_WARN_UNUSED_FUNCTION = YES;
				GCC_WARN_UNUSED_VARIABLE = YES;
				IPHONEOS_DEPLOYMENT_TARGET = 9.3;
				MTL_ENABLE_DEBUG_INFO = NO;
				SDKROOT = iphoneos;
				SWIFT_OPTIMIZATION_LEVEL = "-Owholemodule";
				SWIFT_VERSION = 4.0;
				VALIDATE_PRODUCT = YES;
			};
			name = Release;
		};
		607FACF01AFB9204008FA782 /* Debug */ = {
			isa = XCBuildConfiguration;
			baseConfigurationReference = EC535A2FB212C6A2CA3B90F9 /* Pods-TKFoundationModule_Example.debug.xcconfig */;
			buildSettings = {
				ASSETCATALOG_COMPILER_APPICON_NAME = AppIcon;
				INFOPLIST_FILE = TKFoundationModule/Info.plist;
				LD_RUNPATH_SEARCH_PATHS = "$(inherited) @executable_path/Frameworks";
				MODULE_NAME = ExampleApp;
				PRODUCT_BUNDLE_IDENTIFIER = "org.cocoapods.demo.$(PRODUCT_NAME:rfc1034identifier)";
				PRODUCT_NAME = "$(TARGET_NAME)";
				SWIFT_VERSION = 4.2;
			};
			name = Debug;
		};
		607FACF11AFB9204008FA782 /* Release */ = {
			isa = XCBuildConfiguration;
			baseConfigurationReference = 5EBBFA0E7DA2E076B686C7BB /* Pods-TKFoundationModule_Example.release.xcconfig */;
			buildSettings = {
				ASSETCATALOG_COMPILER_APPICON_NAME = AppIcon;
				INFOPLIST_FILE = TKFoundationModule/Info.plist;
				LD_RUNPATH_SEARCH_PATHS = "$(inherited) @executable_path/Frameworks";
				MODULE_NAME = ExampleApp;
				PRODUCT_BUNDLE_IDENTIFIER = "org.cocoapods.demo.$(PRODUCT_NAME:rfc1034identifier)";
				PRODUCT_NAME = "$(TARGET_NAME)";
				SWIFT_VERSION = 4.2;
			};
			name = Release;
		};
/* End XCBuildConfiguration section */

/* Begin XCConfigurationList section */
		10E0BABA2229782200ADD8B7 /* Build configuration list for PBXNativeTarget "TKFoundationModule_Tests" */ = {
			isa = XCConfigurationList;
			buildConfigurations = (
				10E0BAB82229782200ADD8B7 /* Debug */,
				10E0BAB92229782200ADD8B7 /* Release */,
			);
			defaultConfigurationIsVisible = 0;
			defaultConfigurationName = Release;
		};
		607FACCB1AFB9204008FA782 /* Build configuration list for PBXProject "TKFoundationModule" */ = {
			isa = XCConfigurationList;
			buildConfigurations = (
				607FACED1AFB9204008FA782 /* Debug */,
				607FACEE1AFB9204008FA782 /* Release */,
			);
			defaultConfigurationIsVisible = 0;
			defaultConfigurationName = Release;
		};
		607FACEF1AFB9204008FA782 /* Build configuration list for PBXNativeTarget "TKFoundationModule_Example" */ = {
			isa = XCConfigurationList;
			buildConfigurations = (
				607FACF01AFB9204008FA782 /* Debug */,
				607FACF11AFB9204008FA782 /* Release */,
			);
			defaultConfigurationIsVisible = 0;
			defaultConfigurationName = Release;
		};
/* End XCConfigurationList section */
	};
	rootObject = 607FACC81AFB9204008FA782 /* Project object */;
}
